
Microsoft Visual Studio Solution File, Format Version 12.00
# Visual Studio Version 17
VisualStudioVersion = 17.1.32328.378
MinimumVisualStudioVersion = 10.0.40219.1
Project("{9A19103F-16F7-4668-BE54-9A1E7A4F7556}") = "Pokedex", "Pokedex\Pokedex.csproj", "{3819C977-C4BF-4873-91BD-6AC3E35F107E}"
EndProject
Project("{9A19103F-16F7-4668-BE54-9A1E7A4F7556}") = "Pokedex.Tests", "Pokedex.Tests\Pokedex.Tests.csproj", "{AA764616-84F1-4B03-A5BF-452966BF1594}"
EndProject
Global
	GlobalSection(SolutionConfigurationPlatforms) = preSolution
		Debug|Any CPU = Debug|Any CPU
		Release|Any CPU = Release|Any CPU
	EndGlobalSection
	GlobalSection(ProjectConfigurationPlatforms) = postSolution
		{3819C977-C4BF-4873-91BD-6AC3E35F107E}.Debug|Any CPU.ActiveCfg = Debug|Any CPU
		{3819C977-C4BF-4873-91BD-6AC3E35F107E}.Debug|Any CPU.Build.0 = Debug|Any CPU
		{3819C977-C4BF-4873-91BD-6AC3E35F107E}.Release|Any CPU.ActiveCfg = Release|Any CPU
		{3819C977-C4BF-4873-91BD-6AC3E35F107E}.Release|Any CPU.Build.0 = Release|Any CPU
		{AA764616-84F1-4B03-A5BF-452966BF1594}.Debug|Any CPU.ActiveCfg = Debug|Any CPU
		{AA764616-84F1-4B03-A5BF-452966BF1594}.Debug|Any CPU.Build.0 = Debug|Any CPU
		{AA764616-84F1-4B03-A5BF-452966BF1594}.Release|Any CPU.ActiveCfg = Release|Any CPU
		{AA764616-84F1-4B03-A5BF-452966BF1594}.Release|Any CPU.Build.0 = Release|Any CPU
	EndGlobalSection
	GlobalSection(SolutionProperties) = preSolution
		HideSolutionNode = FALSE
	EndGlobalSection
	GlobalSection(ExtensibilityGlobals) = postSolution
		SolutionGuid = {ADFFD2CB-7645-44F9-8798-BF8A38757DB4}
	EndGlobalSection
EndGlobal
